// !$*UTF8*$!
{
	archiveVersion = 1;
	classes = {
	};
	objectVersion = 46;
	objects = {

/* Begin PBXBuildFile section */
		0D0D09C41F4095410050276F /* testVideoJSONFeed.swift in Sources */ = {isa = PBXBuildFile; fileRef = 0DA0CBBF1F1430FC0035BEE5 /* testVideoJSONFeed.swift */; };
		0DA0CBC21F1430FC0035BEE5 /* testVideoJSONFeed.swift in Sources */ = {isa = PBXBuildFile; fileRef = 0DA0CBBF1F1430FC0035BEE5 /* testVideoJSONFeed.swift */; };
		0DA0CBC31F1430FC0035BEE5 /* testVideoJSONParser.swift in Sources */ = {isa = PBXBuildFile; fileRef = 0DA0CBC01F1430FC0035BEE5 /* testVideoJSONParser.swift */; };
		0DA0CBC61F1431F40035BEE5 /* TestFeed.json in Resources */ = {isa = PBXBuildFile; fileRef = 0DA0CBC51F1431F40035BEE5 /* TestFeed.json */; };
		0DA0CC081F1BDAC70035BEE5 /* VideoBrowserDataSources.framework in Frameworks */ = {isa = PBXBuildFile; fileRef = 0DA0CBFF1F1BDAC70035BEE5 /* VideoBrowserDataSources.framework */; };
		0DA0CC161F1BDB4C0035BEE5 /* VideoDataItem.swift in Sources */ = {isa = PBXBuildFile; fileRef = 0DC3081F1F127E2300200497 /* VideoDataItem.swift */; };
		0DA0CC171F1BDB4C0035BEE5 /* ImageURLDetails.swift in Sources */ = {isa = PBXBuildFile; fileRef = 0DC308271F12ABBD00200497 /* ImageURLDetails.swift */; };
		0DA0CC181F1BDB4C0035BEE5 /* URLImageResolution.swift in Sources */ = {isa = PBXBuildFile; fileRef = 0DC308291F12ABE800200497 /* URLImageResolution.swift */; };
		0DA0CC191F1BDB4C0035BEE5 /* VideoJSONFeed.swift in Sources */ = {isa = PBXBuildFile; fileRef = 0DC308201F127E2300200497 /* VideoJSONFeed.swift */; };
		0DA0CC1A1F1BDB4C0035BEE5 /* VideoJSONParser.swift in Sources */ = {isa = PBXBuildFile; fileRef = 0DC308211F127E2300200497 /* VideoJSONParser.swift */; };
		0DA0CC1B1F1BDB720035BEE5 /* TestFeed.json in Resources */ = {isa = PBXBuildFile; fileRef = 0DA0CBC51F1431F40035BEE5 /* TestFeed.json */; };
		0DA0CC1D1F1BDB720035BEE5 /* testVideoJSONParser.swift in Sources */ = {isa = PBXBuildFile; fileRef = 0DA0CBC01F1430FC0035BEE5 /* testVideoJSONParser.swift */; };
		0DA0CC1E1F1BDB720035BEE5 /* VideoDataItemTest.swift in Sources */ = {isa = PBXBuildFile; fileRef = 0DC308251F128A7700200497 /* VideoDataItemTest.swift */; };
		0DA0CC1F1F1BDB720035BEE5 /* ImageURLDetailsTests.swift in Sources */ = {isa = PBXBuildFile; fileRef = 0DC3082B1F12AC1A00200497 /* ImageURLDetailsTests.swift */; };
		0DA0CC201F1BDB720035BEE5 /* URLImageResoltionTests.swift in Sources */ = {isa = PBXBuildFile; fileRef = 0DC3082D1F12ADF000200497 /* URLImageResoltionTests.swift */; };
		0DC3080F1F127DAD00200497 /* VideoBrowserDataSources.framework in Frameworks */ = {isa = PBXBuildFile; fileRef = 0DC308051F127DAC00200497 /* VideoBrowserDataSources.framework */; };
		0DC308221F127E2300200497 /* VideoDataItem.swift in Sources */ = {isa = PBXBuildFile; fileRef = 0DC3081F1F127E2300200497 /* VideoDataItem.swift */; };
		0DC308231F127E2300200497 /* VideoJSONFeed.swift in Sources */ = {isa = PBXBuildFile; fileRef = 0DC308201F127E2300200497 /* VideoJSONFeed.swift */; };
		0DC308241F127E2300200497 /* VideoJSONParser.swift in Sources */ = {isa = PBXBuildFile; fileRef = 0DC308211F127E2300200497 /* VideoJSONParser.swift */; };
		0DC308261F128A7700200497 /* VideoDataItemTest.swift in Sources */ = {isa = PBXBuildFile; fileRef = 0DC308251F128A7700200497 /* VideoDataItemTest.swift */; };
		0DC308281F12ABBD00200497 /* ImageURLDetails.swift in Sources */ = {isa = PBXBuildFile; fileRef = 0DC308271F12ABBD00200497 /* ImageURLDetails.swift */; };
		0DC3082A1F12ABE800200497 /* URLImageResolution.swift in Sources */ = {isa = PBXBuildFile; fileRef = 0DC308291F12ABE800200497 /* URLImageResolution.swift */; };
		0DC3082C1F12AC1A00200497 /* ImageURLDetailsTests.swift in Sources */ = {isa = PBXBuildFile; fileRef = 0DC3082B1F12AC1A00200497 /* ImageURLDetailsTests.swift */; };
		0DC3082E1F12ADF000200497 /* URLImageResoltionTests.swift in Sources */ = {isa = PBXBuildFile; fileRef = 0DC3082D1F12ADF000200497 /* URLImageResoltionTests.swift */; };
/* End PBXBuildFile section */

/* Begin PBXContainerItemProxy section */
		0DA0CC091F1BDAC70035BEE5 /* PBXContainerItemProxy */ = {
			isa = PBXContainerItemProxy;
			containerPortal = 0DC307FC1F127DAC00200497 /* Project object */;
			proxyType = 1;
			remoteGlobalIDString = 0DA0CBFE1F1BDAC70035BEE5;
			remoteInfo = VideoBrowserDataSourcesiOS;
		};
		0DC308101F127DAD00200497 /* PBXContainerItemProxy */ = {
			isa = PBXContainerItemProxy;
			containerPortal = 0DC307FC1F127DAC00200497 /* Project object */;
			proxyType = 1;
			remoteGlobalIDString = 0DC308041F127DAC00200497;
			remoteInfo = VideoBrowserDataSources;
		};
/* End PBXContainerItemProxy section */

/* Begin PBXFileReference section */
		0DA0CBBF1F1430FC0035BEE5 /* testVideoJSONFeed.swift */ = {isa = PBXFileReference; fileEncoding = 4; lastKnownFileType = sourcecode.swift; path = testVideoJSONFeed.swift; sourceTree = "<group>"; };
		0DA0CBC01F1430FC0035BEE5 /* testVideoJSONParser.swift */ = {isa = PBXFileReference; fileEncoding = 4; lastKnownFileType = sourcecode.swift; path = testVideoJSONParser.swift; sourceTree = "<group>"; };
		0DA0CBC51F1431F40035BEE5 /* TestFeed.json */ = {isa = PBXFileReference; fileEncoding = 4; lastKnownFileType = text.json; path = TestFeed.json; sourceTree = "<group>"; };
		0DA0CBFF1F1BDAC70035BEE5 /* VideoBrowserDataSources.framework */ = {isa = PBXFileReference; explicitFileType = wrapper.framework; includeInIndex = 0; path = VideoBrowserDataSources.framework; sourceTree = BUILT_PRODUCTS_DIR; };
		0DA0CC071F1BDAC70035BEE5 /* VideoBrowserDataSourcesiOSTests.xctest */ = {isa = PBXFileReference; explicitFileType = wrapper.cfbundle; includeInIndex = 0; path = VideoBrowserDataSourcesiOSTests.xctest; sourceTree = BUILT_PRODUCTS_DIR; };
		0DC308051F127DAC00200497 /* VideoBrowserDataSources.framework */ = {isa = PBXFileReference; explicitFileType = wrapper.framework; includeInIndex = 0; path = VideoBrowserDataSources.framework; sourceTree = BUILT_PRODUCTS_DIR; };
		0DC308091F127DAC00200497 /* Info.plist */ = {isa = PBXFileReference; lastKnownFileType = text.plist.xml; path = Info.plist; sourceTree = "<group>"; };
		0DC3080E1F127DAD00200497 /* VideoBrowserDataSourcesTests.xctest */ = {isa = PBXFileReference; explicitFileType = wrapper.cfbundle; includeInIndex = 0; path = VideoBrowserDataSourcesTests.xctest; sourceTree = BUILT_PRODUCTS_DIR; };
		0DC308151F127DAD00200497 /* Info.plist */ = {isa = PBXFileReference; lastKnownFileType = text.plist.xml; path = Info.plist; sourceTree = "<group>"; };
		0DC3081F1F127E2300200497 /* VideoDataItem.swift */ = {isa = PBXFileReference; fileEncoding = 4; lastKnownFileType = sourcecode.swift; path = VideoDataItem.swift; sourceTree = "<group>"; };
		0DC308201F127E2300200497 /* VideoJSONFeed.swift */ = {isa = PBXFileReference; fileEncoding = 4; lastKnownFileType = sourcecode.swift; path = VideoJSONFeed.swift; sourceTree = "<group>"; };
		0DC308211F127E2300200497 /* VideoJSONParser.swift */ = {isa = PBXFileReference; fileEncoding = 4; lastKnownFileType = sourcecode.swift; path = VideoJSONParser.swift; sourceTree = "<group>"; };
		0DC308251F128A7700200497 /* VideoDataItemTest.swift */ = {isa = PBXFileReference; fileEncoding = 4; lastKnownFileType = sourcecode.swift; path = VideoDataItemTest.swift; sourceTree = "<group>"; };
		0DC308271F12ABBD00200497 /* ImageURLDetails.swift */ = {isa = PBXFileReference; fileEncoding = 4; lastKnownFileType = sourcecode.swift; path = ImageURLDetails.swift; sourceTree = "<group>"; };
		0DC308291F12ABE800200497 /* URLImageResolution.swift */ = {isa = PBXFileReference; fileEncoding = 4; lastKnownFileType = sourcecode.swift; path = URLImageResolution.swift; sourceTree = "<group>"; };
		0DC3082B1F12AC1A00200497 /* ImageURLDetailsTests.swift */ = {isa = PBXFileReference; fileEncoding = 4; lastKnownFileType = sourcecode.swift; path = ImageURLDetailsTests.swift; sourceTree = "<group>"; };
		0DC3082D1F12ADF000200497 /* URLImageResoltionTests.swift */ = {isa = PBXFileReference; fileEncoding = 4; lastKnownFileType = sourcecode.swift; path = URLImageResoltionTests.swift; sourceTree = "<group>"; };
/* End PBXFileReference section */

/* Begin PBXFrameworksBuildPhase section */
		0DA0CBFB1F1BDAC70035BEE5 /* Frameworks */ = {
			isa = PBXFrameworksBuildPhase;
			buildActionMask = 2147483647;
			files = (
			);
			runOnlyForDeploymentPostprocessing = 0;
		};
		0DA0CC041F1BDAC70035BEE5 /* Frameworks */ = {
			isa = PBXFrameworksBuildPhase;
			buildActionMask = 2147483647;
			files = (
				0DA0CC081F1BDAC70035BEE5 /* VideoBrowserDataSources.framework in Frameworks */,
			);
			runOnlyForDeploymentPostprocessing = 0;
		};
		0DC308011F127DAC00200497 /* Frameworks */ = {
			isa = PBXFrameworksBuildPhase;
			buildActionMask = 2147483647;
			files = (
			);
			runOnlyForDeploymentPostprocessing = 0;
		};
		0DC3080B1F127DAD00200497 /* Frameworks */ = {
			isa = PBXFrameworksBuildPhase;
			buildActionMask = 2147483647;
			files = (
				0DC3080F1F127DAD00200497 /* VideoBrowserDataSources.framework in Frameworks */,
			);
			runOnlyForDeploymentPostprocessing = 0;
		};
/* End PBXFrameworksBuildPhase section */

/* Begin PBXGroup section */
		0DC307FB1F127DAC00200497 = {
			isa = PBXGroup;
			children = (
				0DC308071F127DAC00200497 /* VideoBrowserDataSources */,
				0DC308121F127DAD00200497 /* VideoBrowserDataSourcesTests */,
				0DC308061F127DAC00200497 /* Products */,
			);
			sourceTree = "<group>";
		};
		0DC308061F127DAC00200497 /* Products */ = {
			isa = PBXGroup;
			children = (
				0DC308051F127DAC00200497 /* VideoBrowserDataSources.framework */,
				0DC3080E1F127DAD00200497 /* VideoBrowserDataSourcesTests.xctest */,
				0DA0CBFF1F1BDAC70035BEE5 /* VideoBrowserDataSources.framework */,
				0DA0CC071F1BDAC70035BEE5 /* VideoBrowserDataSourcesiOSTests.xctest */,
			);
			name = Products;
			sourceTree = "<group>";
		};
		0DC308071F127DAC00200497 /* VideoBrowserDataSources */ = {
			isa = PBXGroup;
			children = (
				0DC3081F1F127E2300200497 /* VideoDataItem.swift */,
				0DC308271F12ABBD00200497 /* ImageURLDetails.swift */,
				0DC308291F12ABE800200497 /* URLImageResolution.swift */,
				0DC308201F127E2300200497 /* VideoJSONFeed.swift */,
				0DC308211F127E2300200497 /* VideoJSONParser.swift */,
				0DC308091F127DAC00200497 /* Info.plist */,
			);
			path = VideoBrowserDataSources;
			sourceTree = "<group>";
		};
		0DC308121F127DAD00200497 /* VideoBrowserDataSourcesTests */ = {
			isa = PBXGroup;
			children = (
				0DA0CBC51F1431F40035BEE5 /* TestFeed.json */,
				0DA0CBBF1F1430FC0035BEE5 /* testVideoJSONFeed.swift */,
				0DA0CBC01F1430FC0035BEE5 /* testVideoJSONParser.swift */,
				0DC308251F128A7700200497 /* VideoDataItemTest.swift */,
				0DC3082B1F12AC1A00200497 /* ImageURLDetailsTests.swift */,
				0DC3082D1F12ADF000200497 /* URLImageResoltionTests.swift */,
				0DC308151F127DAD00200497 /* Info.plist */,
			);
			path = VideoBrowserDataSourcesTests;
			sourceTree = "<group>";
		};
/* End PBXGroup section */

/* Begin PBXHeadersBuildPhase section */
		0DA0CBFC1F1BDAC70035BEE5 /* Headers */ = {
			isa = PBXHeadersBuildPhase;
			buildActionMask = 2147483647;
			files = (
			);
			runOnlyForDeploymentPostprocessing = 0;
		};
		0DC308021F127DAC00200497 /* Headers */ = {
			isa = PBXHeadersBuildPhase;
			buildActionMask = 2147483647;
			files = (
			);
			runOnlyForDeploymentPostprocessing = 0;
		};
/* End PBXHeadersBuildPhase section */

/* Begin PBXNativeTarget section */
		0DA0CBFE1F1BDAC70035BEE5 /* VideoBrowserDataSourcesiOS */ = {
			isa = PBXNativeTarget;
			buildConfigurationList = 0DA0CC141F1BDAC70035BEE5 /* Build configuration list for PBXNativeTarget "VideoBrowserDataSourcesiOS" */;
			buildPhases = (
				0DA0CBFA1F1BDAC70035BEE5 /* Sources */,
				0DA0CBFB1F1BDAC70035BEE5 /* Frameworks */,
				0DA0CBFC1F1BDAC70035BEE5 /* Headers */,
				0DA0CBFD1F1BDAC70035BEE5 /* Resources */,
			);
			buildRules = (
			);
			dependencies = (
			);
			name = VideoBrowserDataSourcesiOS;
			productName = VideoBrowserDataSourcesiOS;
			productReference = 0DA0CBFF1F1BDAC70035BEE5 /* VideoBrowserDataSources.framework */;
			productType = "com.apple.product-type.framework";
		};
		0DA0CC061F1BDAC70035BEE5 /* VideoBrowserDataSourcesiOSTests */ = {
			isa = PBXNativeTarget;
			buildConfigurationList = 0DA0CC151F1BDAC70035BEE5 /* Build configuration list for PBXNativeTarget "VideoBrowserDataSourcesiOSTests" */;
			buildPhases = (
				0DA0CC031F1BDAC70035BEE5 /* Sources */,
				0DA0CC041F1BDAC70035BEE5 /* Frameworks */,
				0DA0CC051F1BDAC70035BEE5 /* Resources */,
			);
			buildRules = (
			);
			dependencies = (
				0DA0CC0A1F1BDAC70035BEE5 /* PBXTargetDependency */,
			);
			name = VideoBrowserDataSourcesiOSTests;
			productName = VideoBrowserDataSourcesiOSTests;
			productReference = 0DA0CC071F1BDAC70035BEE5 /* VideoBrowserDataSourcesiOSTests.xctest */;
			productType = "com.apple.product-type.bundle.unit-test";
		};
		0DC308041F127DAC00200497 /* VideoBrowserDataSources */ = {
			isa = PBXNativeTarget;
			buildConfigurationList = 0DC308191F127DAD00200497 /* Build configuration list for PBXNativeTarget "VideoBrowserDataSources" */;
			buildPhases = (
				0DC308001F127DAC00200497 /* Sources */,
				0DC308011F127DAC00200497 /* Frameworks */,
				0DC308021F127DAC00200497 /* Headers */,
				0DC308031F127DAC00200497 /* Resources */,
			);
			buildRules = (
			);
			dependencies = (
			);
			name = VideoBrowserDataSources;
			productName = VideoBrowserDataSources;
			productReference = 0DC308051F127DAC00200497 /* VideoBrowserDataSources.framework */;
			productType = "com.apple.product-type.framework";
		};
		0DC3080D1F127DAD00200497 /* VideoBrowserDataSourcesTests */ = {
			isa = PBXNativeTarget;
			buildConfigurationList = 0DC3081C1F127DAD00200497 /* Build configuration list for PBXNativeTarget "VideoBrowserDataSourcesTests" */;
			buildPhases = (
				0DC3080A1F127DAD00200497 /* Sources */,
				0DC3080B1F127DAD00200497 /* Frameworks */,
				0DC3080C1F127DAD00200497 /* Resources */,
			);
			buildRules = (
			);
			dependencies = (
				0DC308111F127DAD00200497 /* PBXTargetDependency */,
			);
			name = VideoBrowserDataSourcesTests;
			productName = VideoBrowserDataSourcesTests;
			productReference = 0DC3080E1F127DAD00200497 /* VideoBrowserDataSourcesTests.xctest */;
			productType = "com.apple.product-type.bundle.unit-test";
		};
/* End PBXNativeTarget section */

/* Begin PBXProject section */
		0DC307FC1F127DAC00200497 /* Project object */ = {
			isa = PBXProject;
			attributes = {
				LastSwiftUpdateCheck = 0830;
				LastUpgradeCheck = 0900;
				ORGANIZATIONNAME = "James Honeyball";
				TargetAttributes = {
					0DA0CBFE1F1BDAC70035BEE5 = {
						CreatedOnToolsVersion = 8.3.3;
						DevelopmentTeam = EF4UQ57PCN;
						LastSwiftMigration = 0900;
						ProvisioningStyle = Automatic;
					};
					0DA0CC061F1BDAC70035BEE5 = {
						CreatedOnToolsVersion = 8.3.3;
						DevelopmentTeam = EF4UQ57PCN;
						ProvisioningStyle = Automatic;
					};
					0DC308041F127DAC00200497 = {
						CreatedOnToolsVersion = 8.3.3;
						DevelopmentTeam = EF4UQ57PCN;
						LastSwiftMigration = 0900;
						ProvisioningStyle = Automatic;
					};
					0DC3080D1F127DAD00200497 = {
						CreatedOnToolsVersion = 8.3.3;
						DevelopmentTeam = EF4UQ57PCN;
						LastSwiftMigration = 0900;
						ProvisioningStyle = Automatic;
					};
				};
			};
			buildConfigurationList = 0DC307FF1F127DAC00200497 /* Build configuration list for PBXProject "VideoBrowserDataSources" */;
			compatibilityVersion = "Xcode 3.2";
			developmentRegion = English;
			hasScannedForEncodings = 0;
			knownRegions = (
				en,
			);
			mainGroup = 0DC307FB1F127DAC00200497;
			productRefGroup = 0DC308061F127DAC00200497 /* Products */;
			projectDirPath = "";
			projectRoot = "";
			targets = (
				0DC308041F127DAC00200497 /* VideoBrowserDataSources */,
				0DC3080D1F127DAD00200497 /* VideoBrowserDataSourcesTests */,
				0DA0CBFE1F1BDAC70035BEE5 /* VideoBrowserDataSourcesiOS */,
				0DA0CC061F1BDAC70035BEE5 /* VideoBrowserDataSourcesiOSTests */,
			);
		};
/* End PBXProject section */

/* Begin PBXResourcesBuildPhase section */
		0DA0CBFD1F1BDAC70035BEE5 /* Resources */ = {
			isa = PBXResourcesBuildPhase;
			buildActionMask = 2147483647;
			files = (
			);
			runOnlyForDeploymentPostprocessing = 0;
		};
		0DA0CC051F1BDAC70035BEE5 /* Resources */ = {
			isa = PBXResourcesBuildPhase;
			buildActionMask = 2147483647;
			files = (
				0DA0CC1B1F1BDB720035BEE5 /* TestFeed.json in Resources */,
			);
			runOnlyForDeploymentPostprocessing = 0;
		};
		0DC308031F127DAC00200497 /* Resources */ = {
			isa = PBXResourcesBuildPhase;
			buildActionMask = 2147483647;
			files = (
			);
			runOnlyForDeploymentPostprocessing = 0;
		};
		0DC3080C1F127DAD00200497 /* Resources */ = {
			isa = PBXResourcesBuildPhase;
			buildActionMask = 2147483647;
			files = (
				0DA0CBC61F1431F40035BEE5 /* TestFeed.json in Resources */,
			);
			runOnlyForDeploymentPostprocessing = 0;
		};
/* End PBXResourcesBuildPhase section */

/* Begin PBXSourcesBuildPhase section */
		0DA0CBFA1F1BDAC70035BEE5 /* Sources */ = {
			isa = PBXSourcesBuildPhase;
			buildActionMask = 2147483647;
			files = (
				0DA0CC171F1BDB4C0035BEE5 /* ImageURLDetails.swift in Sources */,
				0DA0CC161F1BDB4C0035BEE5 /* VideoDataItem.swift in Sources */,
				0DA0CC181F1BDB4C0035BEE5 /* URLImageResolution.swift in Sources */,
				0DA0CC1A1F1BDB4C0035BEE5 /* VideoJSONParser.swift in Sources */,
				0DA0CC191F1BDB4C0035BEE5 /* VideoJSONFeed.swift in Sources */,
			);
			runOnlyForDeploymentPostprocessing = 0;
		};
		0DA0CC031F1BDAC70035BEE5 /* Sources */ = {
			isa = PBXSourcesBuildPhase;
			buildActionMask = 2147483647;
			files = (
				0D0D09C41F4095410050276F /* testVideoJSONFeed.swift in Sources */,
				0DA0CC1F1F1BDB720035BEE5 /* ImageURLDetailsTests.swift in Sources */,
				0DA0CC1D1F1BDB720035BEE5 /* testVideoJSONParser.swift in Sources */,
				0DA0CC201F1BDB720035BEE5 /* URLImageResoltionTests.swift in Sources */,
				0DA0CC1E1F1BDB720035BEE5 /* VideoDataItemTest.swift in Sources */,
			);
			runOnlyForDeploymentPostprocessing = 0;
		};
		0DC308001F127DAC00200497 /* Sources */ = {
			isa = PBXSourcesBuildPhase;
			buildActionMask = 2147483647;
			files = (
				0DC308281F12ABBD00200497 /* ImageURLDetails.swift in Sources */,
				0DC308221F127E2300200497 /* VideoDataItem.swift in Sources */,
				0DC308241F127E2300200497 /* VideoJSONParser.swift in Sources */,
				0DC308231F127E2300200497 /* VideoJSONFeed.swift in Sources */,
				0DC3082A1F12ABE800200497 /* URLImageResolution.swift in Sources */,
			);
			runOnlyForDeploymentPostprocessing = 0;
		};
		0DC3080A1F127DAD00200497 /* Sources */ = {
			isa = PBXSourcesBuildPhase;
			buildActionMask = 2147483647;
			files = (
				0DA0CBC21F1430FC0035BEE5 /* testVideoJSONFeed.swift in Sources */,
				0DC3082C1F12AC1A00200497 /* ImageURLDetailsTests.swift in Sources */,
				0DA0CBC31F1430FC0035BEE5 /* testVideoJSONParser.swift in Sources */,
				0DC3082E1F12ADF000200497 /* URLImageResoltionTests.swift in Sources */,
				0DC308261F128A7700200497 /* VideoDataItemTest.swift in Sources */,
			);
			runOnlyForDeploymentPostprocessing = 0;
		};
/* End PBXSourcesBuildPhase section */

/* Begin PBXTargetDependency section */
		0DA0CC0A1F1BDAC70035BEE5 /* PBXTargetDependency */ = {
			isa = PBXTargetDependency;
			target = 0DA0CBFE1F1BDAC70035BEE5 /* VideoBrowserDataSourcesiOS */;
			targetProxy = 0DA0CC091F1BDAC70035BEE5 /* PBXContainerItemProxy */;
		};
		0DC308111F127DAD00200497 /* PBXTargetDependency */ = {
			isa = PBXTargetDependency;
			target = 0DC308041F127DAC00200497 /* VideoBrowserDataSources */;
			targetProxy = 0DC308101F127DAD00200497 /* PBXContainerItemProxy */;
		};
/* End PBXTargetDependency section */

/* Begin XCBuildConfiguration section */
		0DA0CC101F1BDAC70035BEE5 /* Debug */ = {
			isa = XCBuildConfiguration;
			buildSettings = {
				CODE_SIGN_IDENTITY = "";
				"CODE_SIGN_IDENTITY[sdk=iphoneos*]" = "";
				DEFINES_MODULE = YES;
				DEVELOPMENT_TEAM = EF4UQ57PCN;
				DYLIB_COMPATIBILITY_VERSION = 1;
				DYLIB_CURRENT_VERSION = 1;
				DYLIB_INSTALL_NAME_BASE = "@rpath";
				INFOPLIST_FILE = VideoBrowserDataSources/Info.plist;
				INSTALL_PATH = "$(LOCAL_LIBRARY_DIR)/Frameworks";
				IPHONEOS_DEPLOYMENT_TARGET = 9.3;
				LD_RUNPATH_SEARCH_PATHS = "$(inherited) @executable_path/Frameworks @loader_path/Frameworks";
				PRODUCT_BUNDLE_IDENTIFIER = com.honeyball.VideoBrowserDataSources;
				PRODUCT_NAME = VideoBrowserDataSources;
				SDKROOT = iphoneos;
				SKIP_INSTALL = YES;
				SWIFT_SWIFT3_OBJC_INFERENCE = Off;
				SWIFT_VERSION = 4.0;
				TARGETED_DEVICE_FAMILY = "1,2";
			};
			name = Debug;
		};
		0DA0CC111F1BDAC70035BEE5 /* Release */ = {
			isa = XCBuildConfiguration;
			buildSettings = {
				CODE_SIGN_IDENTITY = "";
				"CODE_SIGN_IDENTITY[sdk=iphoneos*]" = "";
				DEFINES_MODULE = YES;
				DEVELOPMENT_TEAM = EF4UQ57PCN;
				DYLIB_COMPATIBILITY_VERSION = 1;
				DYLIB_CURRENT_VERSION = 1;
				DYLIB_INSTALL_NAME_BASE = "@rpath";
				INFOPLIST_FILE = VideoBrowserDataSources/Info.plist;
				INSTALL_PATH = "$(LOCAL_LIBRARY_DIR)/Frameworks";
				IPHONEOS_DEPLOYMENT_TARGET = 9.3;
				LD_RUNPATH_SEARCH_PATHS = "$(inherited) @executable_path/Frameworks @loader_path/Frameworks";
				PRODUCT_BUNDLE_IDENTIFIER = com.honeyball.VideoBrowserDataSources;
				PRODUCT_NAME = VideoBrowserDataSources;
				SDKROOT = iphoneos;
				SKIP_INSTALL = YES;
				SWIFT_SWIFT3_OBJC_INFERENCE = Off;
				SWIFT_VERSION = 4.0;
				TARGETED_DEVICE_FAMILY = "1,2";
				VALIDATE_PRODUCT = YES;
			};
			name = Release;
		};
		0DA0CC121F1BDAC70035BEE5 /* Debug */ = {
			isa = XCBuildConfiguration;
			buildSettings = {
				ALWAYS_EMBED_SWIFT_STANDARD_LIBRARIES = YES;
				"CODE_SIGN_IDENTITY[sdk=iphoneos*]" = "iPhone Developer";
				DEVELOPMENT_TEAM = EF4UQ57PCN;
				INFOPLIST_FILE = VideoBrowserDataSourcesTests/Info.plist;
				IPHONEOS_DEPLOYMENT_TARGET = 10.3;
				LD_RUNPATH_SEARCH_PATHS = "$(inherited) @executable_path/Frameworks @loader_path/Frameworks";
				PRODUCT_BUNDLE_IDENTIFIER = com.honeyball.VideoBrowserDataSourcesTests;
				PRODUCT_NAME = "$(TARGET_NAME)";
				SDKROOT = iphoneos;
				SWIFT_VERSION = 4.0;
			};
			name = Debug;
		};
		0DA0CC131F1BDAC70035BEE5 /* Release */ = {
			isa = XCBuildConfiguration;
			buildSettings = {
				ALWAYS_EMBED_SWIFT_STANDARD_LIBRARIES = YES;
				"CODE_SIGN_IDENTITY[sdk=iphoneos*]" = "iPhone Developer";
				DEVELOPMENT_TEAM = EF4UQ57PCN;
				INFOPLIST_FILE = VideoBrowserDataSourcesTests/Info.plist;
				IPHONEOS_DEPLOYMENT_TARGET = 10.3;
				LD_RUNPATH_SEARCH_PATHS = "$(inherited) @executable_path/Frameworks @loader_path/Frameworks";
				PRODUCT_BUNDLE_IDENTIFIER = com.honeyball.VideoBrowserDataSourcesTests;
				PRODUCT_NAME = "$(TARGET_NAME)";
				SDKROOT = iphoneos;
				SWIFT_VERSION = 4.0;
				VALIDATE_PRODUCT = YES;
			};
			name = Release;
		};
		0DC308171F127DAD00200497 /* Debug */ = {
			isa = XCBuildConfiguration;
			buildSettings = {
				ALWAYS_SEARCH_USER_PATHS = NO;
				CLANG_ANALYZER_NONNULL = YES;
				CLANG_ANALYZER_NUMBER_OBJECT_CONVERSION = YES_AGGRESSIVE;
				CLANG_CXX_LANGUAGE_STANDARD = "gnu++0x";
				CLANG_CXX_LIBRARY = "libc++";
				CLANG_ENABLE_MODULES = YES;
				CLANG_ENABLE_OBJC_ARC = YES;
				CLANG_WARN_BLOCK_CAPTURE_AUTORELEASING = YES;
				CLANG_WARN_BOOL_CONVERSION = YES;
				CLANG_WARN_COMMA = YES;
				CLANG_WARN_CONSTANT_CONVERSION = YES;
				CLANG_WARN_DIRECT_OBJC_ISA_USAGE = YES_ERROR;
				CLANG_WARN_DOCUMENTATION_COMMENTS = YES;
				CLANG_WARN_EMPTY_BODY = YES;
				CLANG_WARN_ENUM_CONVERSION = YES;
				CLANG_WARN_INFINITE_RECURSION = YES;
				CLANG_WARN_INT_CONVERSION = YES;
				CLANG_WARN_NON_LITERAL_NULL_CONVERSION = YES;
				CLANG_WARN_OBJC_LITERAL_CONVERSION = YES;
				CLANG_WARN_OBJC_ROOT_CLASS = YES_ERROR;
				CLANG_WARN_RANGE_LOOP_ANALYSIS = YES;
				CLANG_WARN_STRICT_PROTOTYPES = YES;
				CLANG_WARN_SUSPICIOUS_MOVE = YES;
				CLANG_WARN_UNREACHABLE_CODE = YES;
				CLANG_WARN__DUPLICATE_METHOD_MATCH = YES;
				CODE_SIGN_IDENTITY = "-";
				COPY_PHASE_STRIP = NO;
				CURRENT_PROJECT_VERSION = 1;
				DEBUG_INFORMATION_FORMAT = dwarf;
				ENABLE_STRICT_OBJC_MSGSEND = YES;
				ENABLE_TESTABILITY = YES;
				GCC_C_LANGUAGE_STANDARD = gnu99;
				GCC_DYNAMIC_NO_PIC = NO;
				GCC_NO_COMMON_BLOCKS = YES;
				GCC_OPTIMIZATION_LEVEL = 0;
				GCC_PREPROCESSOR_DEFINITIONS = (
					"DEBUG=1",
					"$(inherited)",
				);
				GCC_WARN_64_TO_32_BIT_CONVERSION = YES;
				GCC_WARN_ABOUT_RETURN_TYPE = YES_ERROR;
				GCC_WARN_UNDECLARED_SELECTOR = YES;
				GCC_WARN_UNINITIALIZED_AUTOS = YES_AGGRESSIVE;
				GCC_WARN_UNUSED_FUNCTION = YES;
				GCC_WARN_UNUSED_VARIABLE = YES;
				IPHONEOS_DEPLOYMENT_TARGET = 9.3;
				MACOSX_DEPLOYMENT_TARGET = 10.12;
				MTL_ENABLE_DEBUG_INFO = YES;
				ONLY_ACTIVE_ARCH = YES;
				SDKROOT = macosx;
				SWIFT_ACTIVE_COMPILATION_CONDITIONS = DEBUG;
				SWIFT_OPTIMIZATION_LEVEL = "-Onone";
				SWIFT_SWIFT3_OBJC_INFERENCE = Off;
				SWIFT_VERSION = 4.0;
				VERSIONING_SYSTEM = "apple-generic";
				VERSION_INFO_PREFIX = "";
			};
			name = Debug;
		};
		0DC308181F127DAD00200497 /* Release */ = {
			isa = XCBuildConfiguration;
			buildSettings = {
				ALWAYS_SEARCH_USER_PATHS = NO;
				CLANG_ANALYZER_NONNULL = YES;
				CLANG_ANALYZER_NUMBER_OBJECT_CONVERSION = YES_AGGRESSIVE;
				CLANG_CXX_LANGUAGE_STANDARD = "gnu++0x";
				CLANG_CXX_LIBRARY = "libc++";
				CLANG_ENABLE_MODULES = YES;
				CLANG_ENABLE_OBJC_ARC = YES;
				CLANG_WARN_BLOCK_CAPTURE_AUTORELEASING = YES;
				CLANG_WARN_BOOL_CONVERSION = YES;
				CLANG_WARN_COMMA = YES;
				CLANG_WARN_CONSTANT_CONVERSION = YES;
				CLANG_WARN_DIRECT_OBJC_ISA_USAGE = YES_ERROR;
				CLANG_WARN_DOCUMENTATION_COMMENTS = YES;
				CLANG_WARN_EMPTY_BODY = YES;
				CLANG_WARN_ENUM_CONVERSION = YES;
				CLANG_WARN_INFINITE_RECURSION = YES;
				CLANG_WARN_INT_CONVERSION = YES;
				CLANG_WARN_NON_LITERAL_NULL_CONVERSION = YES;
				CLANG_WARN_OBJC_LITERAL_CONVERSION = YES;
				CLANG_WARN_OBJC_ROOT_CLASS = YES_ERROR;
				CLANG_WARN_RANGE_LOOP_ANALYSIS = YES;
				CLANG_WARN_STRICT_PROTOTYPES = YES;
				CLANG_WARN_SUSPICIOUS_MOVE = YES;
				CLANG_WARN_UNREACHABLE_CODE = YES;
				CLANG_WARN__DUPLICATE_METHOD_MATCH = YES;
				CODE_SIGN_IDENTITY = "-";
				COPY_PHASE_STRIP = NO;
				CURRENT_PROJECT_VERSION = 1;
				DEBUG_INFORMATION_FORMAT = "dwarf-with-dsym";
				ENABLE_NS_ASSERTIONS = NO;
				ENABLE_STRICT_OBJC_MSGSEND = YES;
				GCC_C_LANGUAGE_STANDARD = gnu99;
				GCC_NO_COMMON_BLOCKS = YES;
				GCC_WARN_64_TO_32_BIT_CONVERSION = YES;
				GCC_WARN_ABOUT_RETURN_TYPE = YES_ERROR;
				GCC_WARN_UNDECLARED_SELECTOR = YES;
				GCC_WARN_UNINITIALIZED_AUTOS = YES_AGGRESSIVE;
				GCC_WARN_UNUSED_FUNCTION = YES;
				GCC_WARN_UNUSED_VARIABLE = YES;
				IPHONEOS_DEPLOYMENT_TARGET = 9.3;
				MACOSX_DEPLOYMENT_TARGET = 10.12;
				MTL_ENABLE_DEBUG_INFO = NO;
				SDKROOT = macosx;
				SWIFT_OPTIMIZATION_LEVEL = "-Owholemodule";
				SWIFT_SWIFT3_OBJC_INFERENCE = Off;
				SWIFT_VERSION = 4.0;
				VERSIONING_SYSTEM = "apple-generic";
				VERSION_INFO_PREFIX = "";
			};
			name = Release;
		};
		0DC3081A1F127DAD00200497 /* Debug */ = {
			isa = XCBuildConfiguration;
			buildSettings = {
				CLANG_ENABLE_MODULES = YES;
				CODE_SIGN_IDENTITY = "";
				COMBINE_HIDPI_IMAGES = YES;
				DEFINES_MODULE = YES;
				DEVELOPMENT_TEAM = EF4UQ57PCN;
				DYLIB_COMPATIBILITY_VERSION = 1;
				DYLIB_CURRENT_VERSION = 1;
				DYLIB_INSTALL_NAME_BASE = "@rpath";
				FRAMEWORK_VERSION = A;
				INFOPLIST_FILE = VideoBrowserDataSources/Info.plist;
				INSTALL_PATH = "$(LOCAL_LIBRARY_DIR)/Frameworks";
				LD_RUNPATH_SEARCH_PATHS = "$(inherited) @executable_path/../Frameworks @loader_path/Frameworks";
				PRODUCT_BUNDLE_IDENTIFIER = com.honeyball.VideoBrowserDataSources;
				PRODUCT_NAME = "$(TARGET_NAME)";
				SKIP_INSTALL = YES;
				SWIFT_OPTIMIZATION_LEVEL = "-Onone";
				SWIFT_SWIFT3_OBJC_INFERENCE = Off;
				SWIFT_VERSION = 4.0;
			};
			name = Debug;
		};
		0DC3081B1F127DAD00200497 /* Release */ = {
			isa = XCBuildConfiguration;
			buildSettings = {
				CLANG_ENABLE_MODULES = YES;
				CODE_SIGN_IDENTITY = "";
				COMBINE_HIDPI_IMAGES = YES;
				DEFINES_MODULE = YES;
				DEVELOPMENT_TEAM = EF4UQ57PCN;
				DYLIB_COMPATIBILITY_VERSION = 1;
				DYLIB_CURRENT_VERSION = 1;
				DYLIB_INSTALL_NAME_BASE = "@rpath";
				FRAMEWORK_VERSION = A;
				INFOPLIST_FILE = VideoBrowserDataSources/Info.plist;
				INSTALL_PATH = "$(LOCAL_LIBRARY_DIR)/Frameworks";
				LD_RUNPATH_SEARCH_PATHS = "$(inherited) @executable_path/../Frameworks @loader_path/Frameworks";
				PRODUCT_BUNDLE_IDENTIFIER = com.honeyball.VideoBrowserDataSources;
				PRODUCT_NAME = "$(TARGET_NAME)";
				SKIP_INSTALL = YES;
				SWIFT_SWIFT3_OBJC_INFERENCE = Off;
				SWIFT_VERSION = 4.0;
			};
			name = Release;
		};
		0DC3081D1F127DAD00200497 /* Debug */ = {
			isa = XCBuildConfiguration;
			buildSettings = {
				ALWAYS_EMBED_SWIFT_STANDARD_LIBRARIES = YES;
				CLANG_ENABLE_MODULES = YES;
				COMBINE_HIDPI_IMAGES = YES;
				DEVELOPMENT_TEAM = EF4UQ57PCN;
				INFOPLIST_FILE = VideoBrowserDataSourcesTests/Info.plist;
				LD_RUNPATH_SEARCH_PATHS = "$(inherited) @executable_path/../Frameworks @loader_path/../Frameworks";
				PRODUCT_BUNDLE_IDENTIFIER = com.honeyball.VideoBrowserDataSourcesTests;
				PRODUCT_NAME = "$(TARGET_NAME)";
				SWIFT_OPTIMIZATION_LEVEL = "-Onone";
				SWIFT_SWIFT3_OBJC_INFERENCE = Off;
				SWIFT_VERSION = 4.0;
			};
			name = Debug;
		};
		0DC3081E1F127DAD00200497 /* Release */ = {
			isa = XCBuildConfiguration;
			buildSettings = {
				ALWAYS_EMBED_SWIFT_STANDARD_LIBRARIES = YES;
				CLANG_ENABLE_MODULES = YES;
				COMBINE_HIDPI_IMAGES = YES;
				DEVELOPMENT_TEAM = EF4UQ57PCN;
				INFOPLIST_FILE = VideoBrowserDataSourcesTests/Info.plist;
				LD_RUNPATH_SEARCH_PATHS = "$(inherited) @executable_path/../Frameworks @loader_path/../Frameworks";
				PRODUCT_BUNDLE_IDENTIFIER = com.honeyball.VideoBrowserDataSourcesTests;
				PRODUCT_NAME = "$(TARGET_NAME)";
				SWIFT_SWIFT3_OBJC_INFERENCE = Off;
				SWIFT_VERSION = 4.0;
			};
			name = Release;
		};
/* End XCBuildConfiguration section */

/* Begin XCConfigurationList section */
		0DA0CC141F1BDAC70035BEE5 /* Build configuration list for PBXNativeTarget "VideoBrowserDataSourcesiOS" */ = {
			isa = XCConfigurationList;
			buildConfigurations = (
				0DA0CC101F1BDAC70035BEE5 /* Debug */,
				0DA0CC111F1BDAC70035BEE5 /* Release */,
			);
			defaultConfigurationIsVisible = 0;
			defaultConfigurationName = Release;
		};
		0DA0CC151F1BDAC70035BEE5 /* Build configuration list for PBXNativeTarget "VideoBrowserDataSourcesiOSTests" */ = {
			isa = XCConfigurationList;
			buildConfigurations = (
				0DA0CC121F1BDAC70035BEE5 /* Debug */,
				0DA0CC131F1BDAC70035BEE5 /* Release */,
			);
			defaultConfigurationIsVisible = 0;
			defaultConfigurationName = Release;
		};
		0DC307FF1F127DAC00200497 /* Build configuration list for PBXProject "VideoBrowserDataSources" */ = {
			isa = XCConfigurationList;
			buildConfigurations = (
				0DC308171F127DAD00200497 /* Debug */,
				0DC308181F127DAD00200497 /* Release */,
			);
			defaultConfigurationIsVisible = 0;
			defaultConfigurationName = Release;
		};
		0DC308191F127DAD00200497 /* Build configuration list for PBXNativeTarget "VideoBrowserDataSources" */ = {
			isa = XCConfigurationList;
			buildConfigurations = (
				0DC3081A1F127DAD00200497 /* Debug */,
				0DC3081B1F127DAD00200497 /* Release */,
			);
			defaultConfigurationIsVisible = 0;
			defaultConfigurationName = Release;
		};
		0DC3081C1F127DAD00200497 /* Build configuration list for PBXNativeTarget "VideoBrowserDataSourcesTests" */ = {
			isa = XCConfigurationList;
			buildConfigurations = (
				0DC3081D1F127DAD00200497 /* Debug */,
				0DC3081E1F127DAD00200497 /* Release */,
			);
			defaultConfigurationIsVisible = 0;
			defaultConfigurationName = Release;
		};
/* End XCConfigurationList section */
	};
	rootObject = 0DC307FC1F127DAC00200497 /* Project object */;
}
